// !$*UTF8*$!
{
	archiveVersion = 1;
	classes = {
	};
	objectVersion = 50;
	objects = {

/* Begin PBXBuildFile section */
		474B257922D8959E00D0A332 /* ShopViewController.swift in Sources */ = {isa = PBXBuildFile; fileRef = 474B257822D8959E00D0A332 /* ShopViewController.swift */; };
		474B257B22D895BF00D0A332 /* ProductCollectionViewCell.swift in Sources */ = {isa = PBXBuildFile; fileRef = 474B257A22D895BF00D0A332 /* ProductCollectionViewCell.swift */; };
		47C93CBC22D7868C00A1D2DD /* SectionHeader.swift in Sources */ = {isa = PBXBuildFile; fileRef = 47C93CBB22D7868C00A1D2DD /* SectionHeader.swift */; };
		6D2EF9F422D60325005F01A4 /* ShopCollectionViewCell.swift in Sources */ = {isa = PBXBuildFile; fileRef = 6D2EF9F322D60325005F01A4 /* ShopCollectionViewCell.swift */; };
		6D2EF9F622D60459005F01A4 /* CategoryCollectionViewCell.swift in Sources */ = {isa = PBXBuildFile; fileRef = 6D2EF9F522D60459005F01A4 /* CategoryCollectionViewCell.swift */; };
		6D2EF9F822D6047B005F01A4 /* CategoriesViewController.swift in Sources */ = {isa = PBXBuildFile; fileRef = 6D2EF9F722D6047B005F01A4 /* CategoriesViewController.swift */; };
		6D504AEC22DB22CD006EABE0 /* PopUp.swift in Sources */ = {isa = PBXBuildFile; fileRef = 6D504AEB22DB22CD006EABE0 /* PopUp.swift */; };
		6D504AEE22DB278E006EABE0 /* ItemPopUpViewController.swift in Sources */ = {isa = PBXBuildFile; fileRef = 6D504AED22DB278E006EABE0 /* ItemPopUpViewController.swift */; };
		6DC7038822D5C0B500F0531B /* BaseViewController.swift in Sources */ = {isa = PBXBuildFile; fileRef = 6DC7038722D5C0B500F0531B /* BaseViewController.swift */; };
		7B13C5FC22D69DD200522043 /* SAView.swift in Sources */ = {isa = PBXBuildFile; fileRef = 7B13C5FB22D69DD200522043 /* SAView.swift */; };
		7B13C5FE22D69E2A00522043 /* RegisterViewController.swift in Sources */ = {isa = PBXBuildFile; fileRef = 7B13C5FD22D69E2A00522043 /* RegisterViewController.swift */; };
		7B1E1FD822D3728A007922E9 /* Shop.swift in Sources */ = {isa = PBXBuildFile; fileRef = 7B1E1FD722D3728A007922E9 /* Shop.swift */; };
		7B1E1FDA22D372E7007922E9 /* Category.swift in Sources */ = {isa = PBXBuildFile; fileRef = 7B1E1FD922D372E7007922E9 /* Category.swift */; };
		7B1E1FDC22D374CA007922E9 /* Product.swift in Sources */ = {isa = PBXBuildFile; fileRef = 7B1E1FDB22D374CA007922E9 /* Product.swift */; };
		7B1E1FE222D377AC007922E9 /* Treat.swift in Sources */ = {isa = PBXBuildFile; fileRef = 7B1E1FE122D377AB007922E9 /* Treat.swift */; };
		7B1E1FE422D37801007922E9 /* User.swift in Sources */ = {isa = PBXBuildFile; fileRef = 7B1E1FE322D37801007922E9 /* User.swift */; };
		7B1E1FE622D3788F007922E9 /* TreatStatus.swift in Sources */ = {isa = PBXBuildFile; fileRef = 7B1E1FE522D3788F007922E9 /* TreatStatus.swift */; };
		7B1E1FE922D38E3C007922E9 /* SAButton.swift in Sources */ = {isa = PBXBuildFile; fileRef = 7B1E1FE822D38E3C007922E9 /* SAButton.swift */; };
		7B1E1FEB22D393EE007922E9 /* SATextField.swift in Sources */ = {isa = PBXBuildFile; fileRef = 7B1E1FEA22D393EE007922E9 /* SATextField.swift */; };
		7BAF23CC22D362E200E83A89 /* AppDelegate.swift in Sources */ = {isa = PBXBuildFile; fileRef = 7BAF23CB22D362E200E83A89 /* AppDelegate.swift */; };
		7BAF23CE22D362E200E83A89 /* ViewController.swift in Sources */ = {isa = PBXBuildFile; fileRef = 7BAF23CD22D362E200E83A89 /* ViewController.swift */; };
		7BAF23D122D362E200E83A89 /* Main.storyboard in Resources */ = {isa = PBXBuildFile; fileRef = 7BAF23CF22D362E200E83A89 /* Main.storyboard */; };
		7BAF23D422D362E200E83A89 /* SurpriseMe.xcdatamodeld in Sources */ = {isa = PBXBuildFile; fileRef = 7BAF23D222D362E200E83A89 /* SurpriseMe.xcdatamodeld */; };
		7BAF23D622D362E400E83A89 /* Assets.xcassets in Resources */ = {isa = PBXBuildFile; fileRef = 7BAF23D522D362E400E83A89 /* Assets.xcassets */; };
		7BAF23D922D362E400E83A89 /* LaunchScreen.storyboard in Resources */ = {isa = PBXBuildFile; fileRef = 7BAF23D722D362E400E83A89 /* LaunchScreen.storyboard */; };
		7BEC607A22D4D5DB0040D6CF /* Register.storyboard in Resources */ = {isa = PBXBuildFile; fileRef = 7BEC607922D4D5DB0040D6CF /* Register.storyboard */; };
		AD28C2F322DB8F9A00D7CB45 /* ShopsCollection.storyboard in Resources */ = {isa = PBXBuildFile; fileRef = AD28C2F222DB8F9A00D7CB45 /* ShopsCollection.storyboard */; };
		AD68A49122D8E8D900E019BA /* CartViewController.swift in Sources */ = {isa = PBXBuildFile; fileRef = AD68A49022D8E8D900E019BA /* CartViewController.swift */; };
		AD68A49322D8EAD700E019BA /* CartProductTableViewCell.swift in Sources */ = {isa = PBXBuildFile; fileRef = AD68A49222D8EAD700E019BA /* CartProductTableViewCell.swift */; };
		AD68A49722D8F2C900E019BA /* Cart.storyboard in Resources */ = {isa = PBXBuildFile; fileRef = AD68A49622D8F2C900E019BA /* Cart.storyboard */; };
		AD68A49922D91C9700E019BA /* Toast.swift in Sources */ = {isa = PBXBuildFile; fileRef = AD68A49822D91C9700E019BA /* Toast.swift */; };
/* End PBXBuildFile section */

/* Begin PBXFileReference section */
		474B257822D8959E00D0A332 /* ShopViewController.swift */ = {isa = PBXFileReference; lastKnownFileType = sourcecode.swift; path = ShopViewController.swift; sourceTree = "<group>"; };
		474B257A22D895BF00D0A332 /* ProductCollectionViewCell.swift */ = {isa = PBXFileReference; lastKnownFileType = sourcecode.swift; path = ProductCollectionViewCell.swift; sourceTree = "<group>"; };
		47C93CBB22D7868C00A1D2DD /* SectionHeader.swift */ = {isa = PBXFileReference; lastKnownFileType = sourcecode.swift; path = SectionHeader.swift; sourceTree = "<group>"; };
		6D2EF9F322D60325005F01A4 /* ShopCollectionViewCell.swift */ = {isa = PBXFileReference; lastKnownFileType = sourcecode.swift; path = ShopCollectionViewCell.swift; sourceTree = "<group>"; };
		6D2EF9F522D60459005F01A4 /* CategoryCollectionViewCell.swift */ = {isa = PBXFileReference; lastKnownFileType = sourcecode.swift; path = CategoryCollectionViewCell.swift; sourceTree = "<group>"; };
		6D2EF9F722D6047B005F01A4 /* CategoriesViewController.swift */ = {isa = PBXFileReference; lastKnownFileType = sourcecode.swift; path = CategoriesViewController.swift; sourceTree = "<group>"; };
		6D504AEB22DB22CD006EABE0 /* PopUp.swift */ = {isa = PBXFileReference; lastKnownFileType = sourcecode.swift; path = PopUp.swift; sourceTree = "<group>"; };
		6D504AED22DB278E006EABE0 /* ItemPopUpViewController.swift */ = {isa = PBXFileReference; lastKnownFileType = sourcecode.swift; path = ItemPopUpViewController.swift; sourceTree = "<group>"; };
		6D6DD0A622D5D47600786B88 /* MyPlayground.playground */ = {isa = PBXFileReference; lastKnownFileType = file.playground; path = MyPlayground.playground; sourceTree = "<group>"; xcLanguageSpecificationIdentifier = xcode.lang.swift; };
		6DC7038722D5C0B500F0531B /* BaseViewController.swift */ = {isa = PBXFileReference; lastKnownFileType = sourcecode.swift; path = BaseViewController.swift; sourceTree = "<group>"; };
		7B13C5FB22D69DD200522043 /* SAView.swift */ = {isa = PBXFileReference; lastKnownFileType = sourcecode.swift; path = SAView.swift; sourceTree = "<group>"; };
		7B13C5FD22D69E2A00522043 /* RegisterViewController.swift */ = {isa = PBXFileReference; lastKnownFileType = sourcecode.swift; path = RegisterViewController.swift; sourceTree = "<group>"; };
		7B1E1FD722D3728A007922E9 /* Shop.swift */ = {isa = PBXFileReference; lastKnownFileType = sourcecode.swift; path = Shop.swift; sourceTree = "<group>"; };
		7B1E1FD922D372E7007922E9 /* Category.swift */ = {isa = PBXFileReference; lastKnownFileType = sourcecode.swift; path = Category.swift; sourceTree = "<group>"; };
		7B1E1FDB22D374CA007922E9 /* Product.swift */ = {isa = PBXFileReference; lastKnownFileType = sourcecode.swift; path = Product.swift; sourceTree = "<group>"; };
		7B1E1FE122D377AB007922E9 /* Treat.swift */ = {isa = PBXFileReference; lastKnownFileType = sourcecode.swift; path = Treat.swift; sourceTree = "<group>"; };
		7B1E1FE322D37801007922E9 /* User.swift */ = {isa = PBXFileReference; lastKnownFileType = sourcecode.swift; path = User.swift; sourceTree = "<group>"; };
		7B1E1FE522D3788F007922E9 /* TreatStatus.swift */ = {isa = PBXFileReference; lastKnownFileType = sourcecode.swift; path = TreatStatus.swift; sourceTree = "<group>"; };
		7B1E1FE822D38E3C007922E9 /* SAButton.swift */ = {isa = PBXFileReference; lastKnownFileType = sourcecode.swift; path = SAButton.swift; sourceTree = "<group>"; };
		7B1E1FEA22D393EE007922E9 /* SATextField.swift */ = {isa = PBXFileReference; lastKnownFileType = sourcecode.swift; path = SATextField.swift; sourceTree = "<group>"; };
		7BAF23C822D362E200E83A89 /* SurpriseMe.app */ = {isa = PBXFileReference; explicitFileType = wrapper.application; includeInIndex = 0; path = SurpriseMe.app; sourceTree = BUILT_PRODUCTS_DIR; };
		7BAF23CB22D362E200E83A89 /* AppDelegate.swift */ = {isa = PBXFileReference; lastKnownFileType = sourcecode.swift; path = AppDelegate.swift; sourceTree = "<group>"; };
		7BAF23CD22D362E200E83A89 /* ViewController.swift */ = {isa = PBXFileReference; lastKnownFileType = sourcecode.swift; path = ViewController.swift; sourceTree = "<group>"; };
		7BAF23D022D362E200E83A89 /* Base */ = {isa = PBXFileReference; lastKnownFileType = file.storyboard; name = Base; path = Base.lproj/Main.storyboard; sourceTree = "<group>"; };
		7BAF23D322D362E200E83A89 /* SurpriseMe.xcdatamodel */ = {isa = PBXFileReference; lastKnownFileType = wrapper.xcdatamodel; path = SurpriseMe.xcdatamodel; sourceTree = "<group>"; };
		7BAF23D522D362E400E83A89 /* Assets.xcassets */ = {isa = PBXFileReference; lastKnownFileType = folder.assetcatalog; path = Assets.xcassets; sourceTree = "<group>"; };
		7BAF23D822D362E400E83A89 /* Base */ = {isa = PBXFileReference; lastKnownFileType = file.storyboard; name = Base; path = Base.lproj/LaunchScreen.storyboard; sourceTree = "<group>"; };
		7BAF23DA22D362E400E83A89 /* Info.plist */ = {isa = PBXFileReference; lastKnownFileType = text.plist.xml; path = Info.plist; sourceTree = "<group>"; };
		7BEC607922D4D5DB0040D6CF /* Register.storyboard */ = {isa = PBXFileReference; fileEncoding = 4; lastKnownFileType = file.storyboard; path = Register.storyboard; sourceTree = "<group>"; };
		AD28C2F222DB8F9A00D7CB45 /* ShopsCollection.storyboard */ = {isa = PBXFileReference; fileEncoding = 4; lastKnownFileType = file.storyboard; name = ShopsCollection.storyboard; path = ../../../../.Trash/ShopsCollection.storyboard; sourceTree = "<group>"; };
		AD68A49022D8E8D900E019BA /* CartViewController.swift */ = {isa = PBXFileReference; lastKnownFileType = sourcecode.swift; path = CartViewController.swift; sourceTree = "<group>"; };
		AD68A49222D8EAD700E019BA /* CartProductTableViewCell.swift */ = {isa = PBXFileReference; lastKnownFileType = sourcecode.swift; path = CartProductTableViewCell.swift; sourceTree = "<group>"; };
		AD68A49622D8F2C900E019BA /* Cart.storyboard */ = {isa = PBXFileReference; fileEncoding = 4; lastKnownFileType = file.storyboard; path = Cart.storyboard; sourceTree = "<group>"; };
		AD68A49822D91C9700E019BA /* Toast.swift */ = {isa = PBXFileReference; lastKnownFileType = sourcecode.swift; path = Toast.swift; sourceTree = "<group>"; };
/* End PBXFileReference section */

/* Begin PBXFrameworksBuildPhase section */
		7BAF23C522D362E200E83A89 /* Frameworks */ = {
			isa = PBXFrameworksBuildPhase;
			buildActionMask = 2147483647;
			files = (
			);
			runOnlyForDeploymentPostprocessing = 0;
		};
/* End PBXFrameworksBuildPhase section */

/* Begin PBXGroup section */
		6D6DD0A322D5D24700786B88 /* Models */ = {
			isa = PBXGroup;
			children = (
				AD68A49822D91C9700E019BA /* Toast.swift */,
				7B1E1FD722D3728A007922E9 /* Shop.swift */,
				7B1E1FD922D372E7007922E9 /* Category.swift */,
				7B1E1FE522D3788F007922E9 /* TreatStatus.swift */,
				7B1E1FDB22D374CA007922E9 /* Product.swift */,
				7B1E1FE122D377AB007922E9 /* Treat.swift */,
				7B1E1FE322D37801007922E9 /* User.swift */,
			);
			path = Models;
			sourceTree = "<group>";
		};
		7B1E1FE722D38E25007922E9 /* Custom Views */ = {
			isa = PBXGroup;
			children = (
				7B1E1FE822D38E3C007922E9 /* SAButton.swift */,
				7B1E1FEA22D393EE007922E9 /* SATextField.swift */,
				7B13C5FB22D69DD200522043 /* SAView.swift */,
			);
			path = "Custom Views";
			sourceTree = "<group>";
		};
		7BAF23BF22D362E200E83A89 = {
			isa = PBXGroup;
			children = (
				6D6DD0A622D5D47600786B88 /* MyPlayground.playground */,
				7BAF23CA22D362E200E83A89 /* SurpriseMe */,
				7BAF23C922D362E200E83A89 /* Products */,
			);
			sourceTree = "<group>";
		};
		7BAF23C922D362E200E83A89 /* Products */ = {
			isa = PBXGroup;
			children = (
				7BAF23C822D362E200E83A89 /* SurpriseMe.app */,
			);
			name = Products;
			sourceTree = "<group>";
		};
		7BAF23CA22D362E200E83A89 /* SurpriseMe */ = {
			isa = PBXGroup;
			children = (
				7BAF23CF22D362E200E83A89 /* Main.storyboard */,
				AD68A49622D8F2C900E019BA /* Cart.storyboard */,
				7BEC607922D4D5DB0040D6CF /* Register.storyboard */,
				AD28C2F222DB8F9A00D7CB45 /* ShopsCollection.storyboard */,
				7B1E1FE722D38E25007922E9 /* Custom Views */,
				7BAF23CB22D362E200E83A89 /* AppDelegate.swift */,
				7BAF23CD22D362E200E83A89 /* ViewController.swift */,
				7BAF23D522D362E400E83A89 /* Assets.xcassets */,
				7BAF23D722D362E400E83A89 /* LaunchScreen.storyboard */,
				7BAF23DA22D362E400E83A89 /* Info.plist */,
				6D6DD0A322D5D24700786B88 /* Models */,
				7BAF23D222D362E200E83A89 /* SurpriseMe.xcdatamodeld */,
				6DC7038722D5C0B500F0531B /* BaseViewController.swift */,
				6D2EF9F322D60325005F01A4 /* ShopCollectionViewCell.swift */,
				6D2EF9F522D60459005F01A4 /* CategoryCollectionViewCell.swift */,
				6D2EF9F722D6047B005F01A4 /* CategoriesViewController.swift */,
				7B13C5FD22D69E2A00522043 /* RegisterViewController.swift */,
				47C93CBB22D7868C00A1D2DD /* SectionHeader.swift */,
				474B257822D8959E00D0A332 /* ShopViewController.swift */,
				474B257A22D895BF00D0A332 /* ProductCollectionViewCell.swift */,
				AD68A49022D8E8D900E019BA /* CartViewController.swift */,
				AD68A49222D8EAD700E019BA /* CartProductTableViewCell.swift */,
				6D504AEB22DB22CD006EABE0 /* PopUp.swift */,
				6D504AED22DB278E006EABE0 /* ItemPopUpViewController.swift */,
			);
			path = SurpriseMe;
			sourceTree = "<group>";
		};
/* End PBXGroup section */

/* Begin PBXNativeTarget section */
		7BAF23C722D362E200E83A89 /* SurpriseMe */ = {
			isa = PBXNativeTarget;
			buildConfigurationList = 7BAF23DD22D362E400E83A89 /* Build configuration list for PBXNativeTarget "SurpriseMe" */;
			buildPhases = (
				7BAF23C422D362E200E83A89 /* Sources */,
				7BAF23C522D362E200E83A89 /* Frameworks */,
				7BAF23C622D362E200E83A89 /* Resources */,
			);
			buildRules = (
			);
			dependencies = (
			);
			name = SurpriseMe;
			productName = SurpriseMe;
			productReference = 7BAF23C822D362E200E83A89 /* SurpriseMe.app */;
			productType = "com.apple.product-type.application";
		};
/* End PBXNativeTarget section */

/* Begin PBXProject section */
		7BAF23C022D362E200E83A89 /* Project object */ = {
			isa = PBXProject;
			attributes = {
				LastSwiftUpdateCheck = 1020;
				LastUpgradeCheck = 1020;
				ORGANIZATIONNAME = Surprise;
				TargetAttributes = {
					7BAF23C722D362E200E83A89 = {
						CreatedOnToolsVersion = 10.2.1;
					};
				};
			};
			buildConfigurationList = 7BAF23C322D362E200E83A89 /* Build configuration list for PBXProject "SurpriseMe" */;
			compatibilityVersion = "Xcode 9.3";
			developmentRegion = en;
			hasScannedForEncodings = 0;
			knownRegions = (
				en,
				Base,
			);
			mainGroup = 7BAF23BF22D362E200E83A89;
			productRefGroup = 7BAF23C922D362E200E83A89 /* Products */;
			projectDirPath = "";
			projectRoot = "";
			targets = (
				7BAF23C722D362E200E83A89 /* SurpriseMe */,
			);
		};
/* End PBXProject section */

/* Begin PBXResourcesBuildPhase section */
		7BAF23C622D362E200E83A89 /* Resources */ = {
			isa = PBXResourcesBuildPhase;
			buildActionMask = 2147483647;
			files = (
				7BAF23D922D362E400E83A89 /* LaunchScreen.storyboard in Resources */,
				7BAF23D622D362E400E83A89 /* Assets.xcassets in Resources */,
				AD28C2F322DB8F9A00D7CB45 /* ShopsCollection.storyboard in Resources */,
				7BAF23D122D362E200E83A89 /* Main.storyboard in Resources */,
				AD68A49722D8F2C900E019BA /* Cart.storyboard in Resources */,
				7BEC607A22D4D5DB0040D6CF /* Register.storyboard in Resources */,
			);
			runOnlyForDeploymentPostprocessing = 0;
		};
/* End PBXResourcesBuildPhase section */

/* Begin PBXSourcesBuildPhase section */
		7BAF23C422D362E200E83A89 /* Sources */ = {
			isa = PBXSourcesBuildPhase;
			buildActionMask = 2147483647;
			files = (
				7BAF23CE22D362E200E83A89 /* ViewController.swift in Sources */,
				7B1E1FDA22D372E7007922E9 /* Category.swift in Sources */,
				474B257B22D895BF00D0A332 /* ProductCollectionViewCell.swift in Sources */,
				6DC7038822D5C0B500F0531B /* BaseViewController.swift in Sources */,
				7BAF23D422D362E200E83A89 /* SurpriseMe.xcdatamodeld in Sources */,
				AD68A49322D8EAD700E019BA /* CartProductTableViewCell.swift in Sources */,
				7B1E1FE622D3788F007922E9 /* TreatStatus.swift in Sources */,
				7BAF23CC22D362E200E83A89 /* AppDelegate.swift in Sources */,
				7B13C5FC22D69DD200522043 /* SAView.swift in Sources */,
				7B1E1FE422D37801007922E9 /* User.swift in Sources */,
				6D504AEC22DB22CD006EABE0 /* PopUp.swift in Sources */,
				7B1E1FD822D3728A007922E9 /* Shop.swift in Sources */,
				7B1E1FEB22D393EE007922E9 /* SATextField.swift in Sources */,
				474B257922D8959E00D0A332 /* ShopViewController.swift in Sources */,
				7B1E1FDC22D374CA007922E9 /* Product.swift in Sources */,
				6D2EF9F422D60325005F01A4 /* ShopCollectionViewCell.swift in Sources */,
				7B1E1FE222D377AC007922E9 /* Treat.swift in Sources */,
				6D504AEE22DB278E006EABE0 /* ItemPopUpViewController.swift in Sources */,
				7B13C5FE22D69E2A00522043 /* RegisterViewController.swift in Sources */,
				AD68A49122D8E8D900E019BA /* CartViewController.swift in Sources */,
				47C93CBC22D7868C00A1D2DD /* SectionHeader.swift in Sources */,
				6D2EF9F622D60459005F01A4 /* CategoryCollectionViewCell.swift in Sources */,
				7B1E1FE922D38E3C007922E9 /* SAButton.swift in Sources */,
				AD68A49922D91C9700E019BA /* Toast.swift in Sources */,
				6D2EF9F822D6047B005F01A4 /* CategoriesViewController.swift in Sources */,
			);
			runOnlyForDeploymentPostprocessing = 0;
		};
/* End PBXSourcesBuildPhase section */

/* Begin PBXVariantGroup section */
		7BAF23CF22D362E200E83A89 /* Main.storyboard */ = {
			isa = PBXVariantGroup;
			children = (
				7BAF23D022D362E200E83A89 /* Base */,
			);
			name = Main.storyboard;
			sourceTree = "<group>";
		};
		7BAF23D722D362E400E83A89 /* LaunchScreen.storyboard */ = {
			isa = PBXVariantGroup;
			children = (
				7BAF23D822D362E400E83A89 /* Base */,
			);
			name = LaunchScreen.storyboard;
			sourceTree = "<group>";
		};
/* End PBXVariantGroup section */

/* Begin XCBuildConfiguration section */
		7BAF23DB22D362E400E83A89 /* Debug */ = {
			isa = XCBuildConfiguration;
			buildSettings = {
				ALWAYS_SEARCH_USER_PATHS = NO;
				CLANG_ANALYZER_NONNULL = YES;
				CLANG_ANALYZER_NUMBER_OBJECT_CONVERSION = YES_AGGRESSIVE;
				CLANG_CXX_LANGUAGE_STANDARD = "gnu++14";
				CLANG_CXX_LIBRARY = "libc++";
				CLANG_ENABLE_MODULES = YES;
				CLANG_ENABLE_OBJC_ARC = YES;
				CLANG_ENABLE_OBJC_WEAK = YES;
				CLANG_WARN_BLOCK_CAPTURE_AUTORELEASING = YES;
				CLANG_WARN_BOOL_CONVERSION = YES;
				CLANG_WARN_COMMA = YES;
				CLANG_WARN_CONSTANT_CONVERSION = YES;
				CLANG_WARN_DEPRECATED_OBJC_IMPLEMENTATIONS = YES;
				CLANG_WARN_DIRECT_OBJC_ISA_USAGE = YES_ERROR;
				CLANG_WARN_DOCUMENTATION_COMMENTS = YES;
				CLANG_WARN_EMPTY_BODY = YES;
				CLANG_WARN_ENUM_CONVERSION = YES;
				CLANG_WARN_INFINITE_RECURSION = YES;
				CLANG_WARN_INT_CONVERSION = YES;
				CLANG_WARN_NON_LITERAL_NULL_CONVERSION = YES;
				CLANG_WARN_OBJC_IMPLICIT_RETAIN_SELF = YES;
				CLANG_WARN_OBJC_LITERAL_CONVERSION = YES;
				CLANG_WARN_OBJC_ROOT_CLASS = YES_ERROR;
				CLANG_WARN_RANGE_LOOP_ANALYSIS = YES;
				CLANG_WARN_STRICT_PROTOTYPES = YES;
				CLANG_WARN_SUSPICIOUS_MOVE = YES;
				CLANG_WARN_UNGUARDED_AVAILABILITY = YES_AGGRESSIVE;
				CLANG_WARN_UNREACHABLE_CODE = YES;
				CLANG_WARN__DUPLICATE_METHOD_MATCH = YES;
				CODE_SIGN_IDENTITY = "iPhone Developer";
				COPY_PHASE_STRIP = NO;
				DEBUG_INFORMATION_FORMAT = dwarf;
				ENABLE_STRICT_OBJC_MSGSEND = YES;
				ENABLE_TESTABILITY = YES;
				GCC_C_LANGUAGE_STANDARD = gnu11;
				GCC_DYNAMIC_NO_PIC = NO;
				GCC_NO_COMMON_BLOCKS = YES;
				GCC_OPTIMIZATION_LEVEL = 0;
				GCC_PREPROCESSOR_DEFINITIONS = (
					"DEBUG=1",
					"$(inherited)",
				);
				GCC_WARN_64_TO_32_BIT_CONVERSION = YES;
				GCC_WARN_ABOUT_RETURN_TYPE = YES_ERROR;
				GCC_WARN_UNDECLARED_SELECTOR = YES;
				GCC_WARN_UNINITIALIZED_AUTOS = YES_AGGRESSIVE;
				GCC_WARN_UNUSED_FUNCTION = YES;
				GCC_WARN_UNUSED_VARIABLE = YES;
				IPHONEOS_DEPLOYMENT_TARGET = 12.2;
				MTL_ENABLE_DEBUG_INFO = INCLUDE_SOURCE;
				MTL_FAST_MATH = YES;
				ONLY_ACTIVE_ARCH = YES;
				SDKROOT = iphoneos;
				SWIFT_ACTIVE_COMPILATION_CONDITIONS = DEBUG;
				SWIFT_OPTIMIZATION_LEVEL = "-Onone";
			};
			name = Debug;
		};
		7BAF23DC22D362E400E83A89 /* Release */ = {
			isa = XCBuildConfiguration;
			buildSettings = {
				ALWAYS_SEARCH_USER_PATHS = NO;
				CLANG_ANALYZER_NONNULL = YES;
				CLANG_ANALYZER_NUMBER_OBJECT_CONVERSION = YES_AGGRESSIVE;
				CLANG_CXX_LANGUAGE_STANDARD = "gnu++14";
				CLANG_CXX_LIBRARY = "libc++";
				CLANG_ENABLE_MODULES = YES;
				CLANG_ENABLE_OBJC_ARC = YES;
				CLANG_ENABLE_OBJC_WEAK = YES;
				CLANG_WARN_BLOCK_CAPTURE_AUTORELEASING = YES;
				CLANG_WARN_BOOL_CONVERSION = YES;
				CLANG_WARN_COMMA = YES;
				CLANG_WARN_CONSTANT_CONVERSION = YES;
				CLANG_WARN_DEPRECATED_OBJC_IMPLEMENTATIONS = YES;
				CLANG_WARN_DIRECT_OBJC_ISA_USAGE = YES_ERROR;
				CLANG_WARN_DOCUMENTATION_COMMENTS = YES;
				CLANG_WARN_EMPTY_BODY = YES;
				CLANG_WARN_ENUM_CONVERSION = YES;
				CLANG_WARN_INFINITE_RECURSION = YES;
				CLANG_WARN_INT_CONVERSION = YES;
				CLANG_WARN_NON_LITERAL_NULL_CONVERSION = YES;
				CLANG_WARN_OBJC_IMPLICIT_RETAIN_SELF = YES;
				CLANG_WARN_OBJC_LITERAL_CONVERSION = YES;
				CLANG_WARN_OBJC_ROOT_CLASS = YES_ERROR;
				CLANG_WARN_RANGE_LOOP_ANALYSIS = YES;
				CLANG_WARN_STRICT_PROTOTYPES = YES;
				CLANG_WARN_SUSPICIOUS_MOVE = YES;
				CLANG_WARN_UNGUARDED_AVAILABILITY = YES_AGGRESSIVE;
				CLANG_WARN_UNREACHABLE_CODE = YES;
				CLANG_WARN__DUPLICATE_METHOD_MATCH = YES;
				CODE_SIGN_IDENTITY = "iPhone Developer";
				COPY_PHASE_STRIP = NO;
				DEBUG_INFORMATION_FORMAT = "dwarf-with-dsym";
				ENABLE_NS_ASSERTIONS = NO;
				ENABLE_STRICT_OBJC_MSGSEND = YES;
				GCC_C_LANGUAGE_STANDARD = gnu11;
				GCC_NO_COMMON_BLOCKS = YES;
				GCC_WARN_64_TO_32_BIT_CONVERSION = YES;
				GCC_WARN_ABOUT_RETURN_TYPE = YES_ERROR;
				GCC_WARN_UNDECLARED_SELECTOR = YES;
				GCC_WARN_UNINITIALIZED_AUTOS = YES_AGGRESSIVE;
				GCC_WARN_UNUSED_FUNCTION = YES;
				GCC_WARN_UNUSED_VARIABLE = YES;
				IPHONEOS_DEPLOYMENT_TARGET = 12.2;
				MTL_ENABLE_DEBUG_INFO = NO;
				MTL_FAST_MATH = YES;
				SDKROOT = iphoneos;
				SWIFT_COMPILATION_MODE = wholemodule;
				SWIFT_OPTIMIZATION_LEVEL = "-O";
				VALIDATE_PRODUCT = YES;
			};
			name = Release;
		};
		7BAF23DE22D362E400E83A89 /* Debug */ = {
			isa = XCBuildConfiguration;
			buildSettings = {
				ASSETCATALOG_COMPILER_APPICON_NAME = AppIcon;
				CODE_SIGN_STYLE = Automatic;
				DEVELOPMENT_TEAM = "";
				INFOPLIST_FILE = SurpriseMe/Info.plist;
				IPHONEOS_DEPLOYMENT_TARGET = 12.0;
				LD_RUNPATH_SEARCH_PATHS = (
					"$(inherited)",
					"@executable_path/Frameworks",
				);
				PRODUCT_BUNDLE_IDENTIFIER = threats.SurpriseMe;
				PRODUCT_NAME = "$(TARGET_NAME)";
				SWIFT_VERSION = 4.2;
				TARGETED_DEVICE_FAMILY = "1,2";
			};
			name = Debug;
		};
		7BAF23DF22D362E400E83A89 /* Release */ = {
			isa = XCBuildConfiguration;
			buildSettings = {
				ASSETCATALOG_COMPILER_APPICON_NAME = AppIcon;
				CODE_SIGN_STYLE = Automatic;
				DEVELOPMENT_TEAM = "";
				INFOPLIST_FILE = SurpriseMe/Info.plist;
				IPHONEOS_DEPLOYMENT_TARGET = 12.0;
				LD_RUNPATH_SEARCH_PATHS = (
					"$(inherited)",
					"@executable_path/Frameworks",
				);
				PRODUCT_BUNDLE_IDENTIFIER = threats.SurpriseMe;
				PRODUCT_NAME = "$(TARGET_NAME)";
				SWIFT_VERSION = 4.2;
				TARGETED_DEVICE_FAMILY = "1,2";
			};
			name = Release;
		};
/* End XCBuildConfiguration section */

/* Begin XCConfigurationList section */
		7BAF23C322D362E200E83A89 /* Build configuration list for PBXProject "SurpriseMe" */ = {
			isa = XCConfigurationList;
			buildConfigurations = (
				7BAF23DB22D362E400E83A89 /* Debug */,
				7BAF23DC22D362E400E83A89 /* Release */,
			);
			defaultConfigurationIsVisible = 0;
			defaultConfigurationName = Release;
		};
		7BAF23DD22D362E400E83A89 /* Build configuration list for PBXNativeTarget "SurpriseMe" */ = {
			isa = XCConfigurationList;
			buildConfigurations = (
				7BAF23DE22D362E400E83A89 /* Debug */,
				7BAF23DF22D362E400E83A89 /* Release */,
			);
			defaultConfigurationIsVisible = 0;
			defaultConfigurationName = Release;
		};
/* End XCConfigurationList section */

/* Begin XCVersionGroup section */
		7BAF23D222D362E200E83A89 /* SurpriseMe.xcdatamodeld */ = {
			isa = XCVersionGroup;
			children = (
				7BAF23D322D362E200E83A89 /* SurpriseMe.xcdatamodel */,
			);
			currentVersion = 7BAF23D322D362E200E83A89 /* SurpriseMe.xcdatamodel */;
			path = SurpriseMe.xcdatamodeld;
			sourceTree = "<group>";
			versionGroupType = wrapper.xcdatamodel;
		};
/* End XCVersionGroup section */
	};
	rootObject = 7BAF23C022D362E200E83A89 /* Project object */;
}
