// !$*UTF8*$!
{
	archiveVersion = 1;
	classes = {
	};
	objectVersion = 51;
	objects = {

/* Begin PBXBuildFile section */
		47062A7922F1EC6800610198 /* Notifications.storyboard in Resources */ = {isa = PBXBuildFile; fileRef = 47062A7822F1EC6700610198 /* Notifications.storyboard */; };
		47062A7C22F1F20C00610198 /* NotificationsViewController.swift in Sources */ = {isa = PBXBuildFile; fileRef = 47062A7B22F1F20C00610198 /* NotificationsViewController.swift */; };
		47062A7E22F1F2D000610198 /* NotificationsTableCell.swift in Sources */ = {isa = PBXBuildFile; fileRef = 47062A7D22F1F2D000610198 /* NotificationsTableCell.swift */; };
		47062A8022F1F4C500610198 /* Notification.swift in Sources */ = {isa = PBXBuildFile; fileRef = 47062A7F22F1F4C500610198 /* Notification.swift */; };
		47084D7E22F3141900CF6698 /* Profile.storyboard in Resources */ = {isa = PBXBuildFile; fileRef = 47084D7D22F3141900CF6698 /* Profile.storyboard */; };
		47084D8122F3293A00CF6698 /* ProfileViewController.swift in Sources */ = {isa = PBXBuildFile; fileRef = 47084D8022F3293A00CF6698 /* ProfileViewController.swift */; };
		47084D8322F32E0B00CF6698 /* FriendRequestTableViewCell.swift in Sources */ = {isa = PBXBuildFile; fileRef = 47084D8222F32E0B00CF6698 /* FriendRequestTableViewCell.swift */; };
		47084D8522F3332B00CF6698 /* NewFriendTableCell.swift in Sources */ = {isa = PBXBuildFile; fileRef = 47084D8422F3332B00CF6698 /* NewFriendTableCell.swift */; };
		4716F1DB22F97CCA00F083A0 /* UserNotificationsManager.swift in Sources */ = {isa = PBXBuildFile; fileRef = 4716F1DA22F97CCA00F083A0 /* UserNotificationsManager.swift */; };
		474B257922D8959E00D0A332 /* ShopViewController.swift in Sources */ = {isa = PBXBuildFile; fileRef = 474B257822D8959E00D0A332 /* ShopViewController.swift */; };
		474B257B22D895BF00D0A332 /* ProductCollectionViewCell.swift in Sources */ = {isa = PBXBuildFile; fileRef = 474B257A22D895BF00D0A332 /* ProductCollectionViewCell.swift */; };
		47575F8022DF28F200A61176 /* OrderCell.swift in Sources */ = {isa = PBXBuildFile; fileRef = 47575F7F22DF28F200A61176 /* OrderCell.swift */; };
		47575F8422DF3ADC00A61176 /* OrdersAndTreatsViewController.swift in Sources */ = {isa = PBXBuildFile; fileRef = 47575F8322DF3ADC00A61176 /* OrdersAndTreatsViewController.swift */; };
		47575F8622DF5FB200A61176 /* OrderedTreatsViewController.swift in Sources */ = {isa = PBXBuildFile; fileRef = 47575F8522DF5FB200A61176 /* OrderedTreatsViewController.swift */; };
		47575F8822DF5FCD00A61176 /* OrderedTreatsTableCell.swift in Sources */ = {isa = PBXBuildFile; fileRef = 47575F8722DF5FCD00A61176 /* OrderedTreatsTableCell.swift */; };
		47A1734D22F5DBF80080F08D /* NotificationManager.swift in Sources */ = {isa = PBXBuildFile; fileRef = 47A1734C22F5DBF80080F08D /* NotificationManager.swift */; };
		47AD99F122E06BEC00B8021C /* Friends.storyboard in Resources */ = {isa = PBXBuildFile; fileRef = 47AD99F022E06BEC00B8021C /* Friends.storyboard */; };
		47AD99F322E075D100B8021C /* ExtensionUIImage.swift in Sources */ = {isa = PBXBuildFile; fileRef = 47AD99F222E075D100B8021C /* ExtensionUIImage.swift */; };
		47AD99F522E07A0900B8021C /* FriendsViewController.swift in Sources */ = {isa = PBXBuildFile; fileRef = 47AD99F422E07A0900B8021C /* FriendsViewController.swift */; };
		47AD99F722E07A6E00B8021C /* FriendTableCell.swift in Sources */ = {isa = PBXBuildFile; fileRef = 47AD99F622E07A6E00B8021C /* FriendTableCell.swift */; };
		47C93CBC22D7868C00A1D2DD /* SectionHeader.swift in Sources */ = {isa = PBXBuildFile; fileRef = 47C93CBB22D7868C00A1D2DD /* SectionHeader.swift */; };
		47CC647522DCEEDC00463BF9 /* Order.swift in Sources */ = {isa = PBXBuildFile; fileRef = 47CC647422DCEEDC00463BF9 /* Order.swift */; };
		47CC647722DCF00300463BF9 /* OrdersManagement.storyboard in Resources */ = {isa = PBXBuildFile; fileRef = 47CC647622DCF00300463BF9 /* OrdersManagement.storyboard */; };
		47CC647B22DCF83E00463BF9 /* TreatCell.swift in Sources */ = {isa = PBXBuildFile; fileRef = 47CC647A22DCF83E00463BF9 /* TreatCell.swift */; };
		47CC647D22DD140100463BF9 /* UseTreatViewController.swift in Sources */ = {isa = PBXBuildFile; fileRef = 47CC647C22DD140100463BF9 /* UseTreatViewController.swift */; };
		4B53B40C534C4B2D361FCA1F /* Pods_SurpriseMe.framework in Frameworks */ = {isa = PBXBuildFile; fileRef = 4BB9E58547D5E0BD0261BFAA /* Pods_SurpriseMe.framework */; };
		6D2EF9F422D60325005F01A4 /* ShopCollectionViewCell.swift in Sources */ = {isa = PBXBuildFile; fileRef = 6D2EF9F322D60325005F01A4 /* ShopCollectionViewCell.swift */; };
		6D2EF9F622D60459005F01A4 /* CategoryCollectionViewCell.swift in Sources */ = {isa = PBXBuildFile; fileRef = 6D2EF9F522D60459005F01A4 /* CategoryCollectionViewCell.swift */; };
		6D2EF9F822D6047B005F01A4 /* CategoriesViewController.swift in Sources */ = {isa = PBXBuildFile; fileRef = 6D2EF9F722D6047B005F01A4 /* CategoriesViewController.swift */; };
		6D504AEC22DB22CD006EABE0 /* PopUp.swift in Sources */ = {isa = PBXBuildFile; fileRef = 6D504AEB22DB22CD006EABE0 /* PopUp.swift */; };
		6D504AEE22DB278E006EABE0 /* ItemPopUpViewController.swift in Sources */ = {isa = PBXBuildFile; fileRef = 6D504AED22DB278E006EABE0 /* ItemPopUpViewController.swift */; };
		6DC7038822D5C0B500F0531B /* BaseViewController.swift in Sources */ = {isa = PBXBuildFile; fileRef = 6DC7038722D5C0B500F0531B /* BaseViewController.swift */; };
		7B13C5FC22D69DD200522043 /* SAView.swift in Sources */ = {isa = PBXBuildFile; fileRef = 7B13C5FB22D69DD200522043 /* SAView.swift */; };
		7B13C5FE22D69E2A00522043 /* RegisterViewController.swift in Sources */ = {isa = PBXBuildFile; fileRef = 7B13C5FD22D69E2A00522043 /* RegisterViewController.swift */; };
		7B1E1FD822D3728A007922E9 /* Shop.swift in Sources */ = {isa = PBXBuildFile; fileRef = 7B1E1FD722D3728A007922E9 /* Shop.swift */; };
		7B1E1FDA22D372E7007922E9 /* Category.swift in Sources */ = {isa = PBXBuildFile; fileRef = 7B1E1FD922D372E7007922E9 /* Category.swift */; };
		7B1E1FDC22D374CA007922E9 /* Product.swift in Sources */ = {isa = PBXBuildFile; fileRef = 7B1E1FDB22D374CA007922E9 /* Product.swift */; };
		7B1E1FE222D377AC007922E9 /* Treat.swift in Sources */ = {isa = PBXBuildFile; fileRef = 7B1E1FE122D377AB007922E9 /* Treat.swift */; };
		7B1E1FE422D37801007922E9 /* User.swift in Sources */ = {isa = PBXBuildFile; fileRef = 7B1E1FE322D37801007922E9 /* User.swift */; };
		7B1E1FE622D3788F007922E9 /* TreatStatus.swift in Sources */ = {isa = PBXBuildFile; fileRef = 7B1E1FE522D3788F007922E9 /* TreatStatus.swift */; };
		7B1E1FE922D38E3C007922E9 /* SAButton.swift in Sources */ = {isa = PBXBuildFile; fileRef = 7B1E1FE822D38E3C007922E9 /* SAButton.swift */; };
		7B1E1FEB22D393EE007922E9 /* SATextField.swift in Sources */ = {isa = PBXBuildFile; fileRef = 7B1E1FEA22D393EE007922E9 /* SATextField.swift */; };
		7BAF23CC22D362E200E83A89 /* AppDelegate.swift in Sources */ = {isa = PBXBuildFile; fileRef = 7BAF23CB22D362E200E83A89 /* AppDelegate.swift */; };
		7BAF23CE22D362E200E83A89 /* ViewController.swift in Sources */ = {isa = PBXBuildFile; fileRef = 7BAF23CD22D362E200E83A89 /* ViewController.swift */; };
		7BAF23D122D362E200E83A89 /* Main.storyboard in Resources */ = {isa = PBXBuildFile; fileRef = 7BAF23CF22D362E200E83A89 /* Main.storyboard */; };
		7BAF23D422D362E200E83A89 /* SurpriseMe.xcdatamodeld in Sources */ = {isa = PBXBuildFile; fileRef = 7BAF23D222D362E200E83A89 /* SurpriseMe.xcdatamodeld */; };
		7BAF23D622D362E400E83A89 /* Assets.xcassets in Resources */ = {isa = PBXBuildFile; fileRef = 7BAF23D522D362E400E83A89 /* Assets.xcassets */; };
		7BAF23D922D362E400E83A89 /* LaunchScreen.storyboard in Resources */ = {isa = PBXBuildFile; fileRef = 7BAF23D722D362E400E83A89 /* LaunchScreen.storyboard */; };
		7BEC607A22D4D5DB0040D6CF /* Register.storyboard in Resources */ = {isa = PBXBuildFile; fileRef = 7BEC607922D4D5DB0040D6CF /* Register.storyboard */; };
		7BF3DA3522E23F8C006D522D /* SSValidationTextField.swift in Sources */ = {isa = PBXBuildFile; fileRef = 7BF3DA3422E23F8C006D522D /* SSValidationTextField.swift */; };
		AD0DDC2A22DC75F4007A4533 /* ShopsCollection.storyboard in Resources */ = {isa = PBXBuildFile; fileRef = AD0DDC2922DC75F4007A4533 /* ShopsCollection.storyboard */; };
		AD0DDC2C22DC8326007A4533 /* CartManager.swift in Sources */ = {isa = PBXBuildFile; fileRef = AD0DDC2B22DC8326007A4533 /* CartManager.swift */; };
		AD3A98DF22DF56B000B6368A /* SATableView.swift in Sources */ = {isa = PBXBuildFile; fileRef = AD3A98DE22DF56B000B6368A /* SATableView.swift */; };
		AD3A98E122DF57A700B6368A /* SASearchBar.swift in Sources */ = {isa = PBXBuildFile; fileRef = AD3A98E022DF57A700B6368A /* SASearchBar.swift */; };
		AD3A98EF22DFA42A00B6368A /* Menu.storyboard in Resources */ = {isa = PBXBuildFile; fileRef = AD3A98EE22DFA42A00B6368A /* Menu.storyboard */; };
		AD3A98F122DFA4D100B6368A /* MenuTableViewCell.swift in Sources */ = {isa = PBXBuildFile; fileRef = AD3A98F022DFA4D100B6368A /* MenuTableViewCell.swift */; };
		AD3A98F322DFA4E400B6368A /* MenuViewController.swift in Sources */ = {isa = PBXBuildFile; fileRef = AD3A98F222DFA4E400B6368A /* MenuViewController.swift */; };
		AD3DEF3322DE29CB00A7C703 /* UsersPopUpViewController.swift in Sources */ = {isa = PBXBuildFile; fileRef = AD3DEF3222DE29CB00A7C703 /* UsersPopUpViewController.swift */; };
		AD3DEF3522DE2A0700A7C703 /* UserPopUpCell.swift in Sources */ = {isa = PBXBuildFile; fileRef = AD3DEF3422DE2A0700A7C703 /* UserPopUpCell.swift */; };
		AD68A49122D8E8D900E019BA /* CartViewController.swift in Sources */ = {isa = PBXBuildFile; fileRef = AD68A49022D8E8D900E019BA /* CartViewController.swift */; };
		AD68A49322D8EAD700E019BA /* CartProductTableViewCell.swift in Sources */ = {isa = PBXBuildFile; fileRef = AD68A49222D8EAD700E019BA /* CartProductTableViewCell.swift */; };
		AD68A49722D8F2C900E019BA /* Cart.storyboard in Resources */ = {isa = PBXBuildFile; fileRef = AD68A49622D8F2C900E019BA /* Cart.storyboard */; };
		AD68A49922D91C9700E019BA /* Toast.swift in Sources */ = {isa = PBXBuildFile; fileRef = AD68A49822D91C9700E019BA /* Toast.swift */; };
		AD7B2E6522E97AD300873D9F /* GoogleService-Info.plist in Resources */ = {isa = PBXBuildFile; fileRef = AD7B2E6422E97AD300873D9F /* GoogleService-Info.plist */; };
		AD91F0E722ECA72400AECAE2 /* CurrentUser.swift in Sources */ = {isa = PBXBuildFile; fileRef = AD91F0E622ECA72400AECAE2 /* CurrentUser.swift */; };
		AD91F0E922EDA09E00AECAE2 /* SplashScreen.swift in Sources */ = {isa = PBXBuildFile; fileRef = AD91F0E822EDA09E00AECAE2 /* SplashScreen.swift */; };
		ADA1BA0B22E1D5C3004EF8F0 /* UsersManager.swift in Sources */ = {isa = PBXBuildFile; fileRef = ADA1BA0A22E1D5C3004EF8F0 /* UsersManager.swift */; };
		ADDB515F22E4B12D00F262B6 /* ShopsManager.swift in Sources */ = {isa = PBXBuildFile; fileRef = ADDB515E22E4B12D00F262B6 /* ShopsManager.swift */; };
		ADDB641222E0733A003A2916 /* Screens.swift in Sources */ = {isa = PBXBuildFile; fileRef = ADDB641122E0733A003A2916 /* Screens.swift */; };
		ADDB641422E07EC7003A2916 /* AppMenu.swift in Sources */ = {isa = PBXBuildFile; fileRef = ADDB641322E07EC7003A2916 /* AppMenu.swift */; };
/* End PBXBuildFile section */

/* Begin PBXFileReference section */
		121230BE56FA17F9C9242E3B /* Pods-SurpriseMe.release.xcconfig */ = {isa = PBXFileReference; includeInIndex = 1; lastKnownFileType = text.xcconfig; name = "Pods-SurpriseMe.release.xcconfig"; path = "Target Support Files/Pods-SurpriseMe/Pods-SurpriseMe.release.xcconfig"; sourceTree = "<group>"; };
		47062A7822F1EC6700610198 /* Notifications.storyboard */ = {isa = PBXFileReference; lastKnownFileType = file.storyboard; path = Notifications.storyboard; sourceTree = "<group>"; };
		47062A7B22F1F20C00610198 /* NotificationsViewController.swift */ = {isa = PBXFileReference; lastKnownFileType = sourcecode.swift; path = NotificationsViewController.swift; sourceTree = "<group>"; };
		47062A7D22F1F2D000610198 /* NotificationsTableCell.swift */ = {isa = PBXFileReference; lastKnownFileType = sourcecode.swift; path = NotificationsTableCell.swift; sourceTree = "<group>"; };
		47062A7F22F1F4C500610198 /* Notification.swift */ = {isa = PBXFileReference; lastKnownFileType = sourcecode.swift; path = Notification.swift; sourceTree = "<group>"; };
		47084D7D22F3141900CF6698 /* Profile.storyboard */ = {isa = PBXFileReference; lastKnownFileType = file.storyboard; path = Profile.storyboard; sourceTree = "<group>"; };
		47084D8022F3293A00CF6698 /* ProfileViewController.swift */ = {isa = PBXFileReference; lastKnownFileType = sourcecode.swift; path = ProfileViewController.swift; sourceTree = "<group>"; };
		47084D8222F32E0B00CF6698 /* FriendRequestTableViewCell.swift */ = {isa = PBXFileReference; lastKnownFileType = sourcecode.swift; path = FriendRequestTableViewCell.swift; sourceTree = "<group>"; };
		47084D8422F3332B00CF6698 /* NewFriendTableCell.swift */ = {isa = PBXFileReference; lastKnownFileType = sourcecode.swift; path = NewFriendTableCell.swift; sourceTree = "<group>"; };
		4716F1DA22F97CCA00F083A0 /* UserNotificationsManager.swift */ = {isa = PBXFileReference; lastKnownFileType = sourcecode.swift; path = UserNotificationsManager.swift; sourceTree = "<group>"; };
		474B257822D8959E00D0A332 /* ShopViewController.swift */ = {isa = PBXFileReference; lastKnownFileType = sourcecode.swift; path = ShopViewController.swift; sourceTree = "<group>"; };
		474B257A22D895BF00D0A332 /* ProductCollectionViewCell.swift */ = {isa = PBXFileReference; lastKnownFileType = sourcecode.swift; path = ProductCollectionViewCell.swift; sourceTree = "<group>"; };
		47575F7F22DF28F200A61176 /* OrderCell.swift */ = {isa = PBXFileReference; lastKnownFileType = sourcecode.swift; path = OrderCell.swift; sourceTree = "<group>"; };
		47575F8322DF3ADC00A61176 /* OrdersAndTreatsViewController.swift */ = {isa = PBXFileReference; lastKnownFileType = sourcecode.swift; path = OrdersAndTreatsViewController.swift; sourceTree = "<group>"; };
		47575F8522DF5FB200A61176 /* OrderedTreatsViewController.swift */ = {isa = PBXFileReference; lastKnownFileType = sourcecode.swift; path = OrderedTreatsViewController.swift; sourceTree = "<group>"; };
		47575F8722DF5FCD00A61176 /* OrderedTreatsTableCell.swift */ = {isa = PBXFileReference; lastKnownFileType = sourcecode.swift; path = OrderedTreatsTableCell.swift; sourceTree = "<group>"; };
		47A1734C22F5DBF80080F08D /* NotificationManager.swift */ = {isa = PBXFileReference; lastKnownFileType = sourcecode.swift; path = NotificationManager.swift; sourceTree = "<group>"; };
		47AD99F022E06BEC00B8021C /* Friends.storyboard */ = {isa = PBXFileReference; lastKnownFileType = file.storyboard; path = Friends.storyboard; sourceTree = "<group>"; };
		47AD99F222E075D100B8021C /* ExtensionUIImage.swift */ = {isa = PBXFileReference; lastKnownFileType = sourcecode.swift; path = ExtensionUIImage.swift; sourceTree = "<group>"; };
		47AD99F422E07A0900B8021C /* FriendsViewController.swift */ = {isa = PBXFileReference; lastKnownFileType = sourcecode.swift; path = FriendsViewController.swift; sourceTree = "<group>"; };
		47AD99F622E07A6E00B8021C /* FriendTableCell.swift */ = {isa = PBXFileReference; lastKnownFileType = sourcecode.swift; path = FriendTableCell.swift; sourceTree = "<group>"; };
		47C93CBB22D7868C00A1D2DD /* SectionHeader.swift */ = {isa = PBXFileReference; lastKnownFileType = sourcecode.swift; path = SectionHeader.swift; sourceTree = "<group>"; };
		47CC647422DCEEDC00463BF9 /* Order.swift */ = {isa = PBXFileReference; lastKnownFileType = sourcecode.swift; path = Order.swift; sourceTree = "<group>"; };
		47CC647622DCF00300463BF9 /* OrdersManagement.storyboard */ = {isa = PBXFileReference; lastKnownFileType = file.storyboard; path = OrdersManagement.storyboard; sourceTree = "<group>"; };
		47CC647A22DCF83E00463BF9 /* TreatCell.swift */ = {isa = PBXFileReference; lastKnownFileType = sourcecode.swift; path = TreatCell.swift; sourceTree = "<group>"; };
		47CC647C22DD140100463BF9 /* UseTreatViewController.swift */ = {isa = PBXFileReference; lastKnownFileType = sourcecode.swift; path = UseTreatViewController.swift; sourceTree = "<group>"; };
		4BB9E58547D5E0BD0261BFAA /* Pods_SurpriseMe.framework */ = {isa = PBXFileReference; explicitFileType = wrapper.framework; includeInIndex = 0; path = Pods_SurpriseMe.framework; sourceTree = BUILT_PRODUCTS_DIR; };
		6D2EF9F322D60325005F01A4 /* ShopCollectionViewCell.swift */ = {isa = PBXFileReference; lastKnownFileType = sourcecode.swift; path = ShopCollectionViewCell.swift; sourceTree = "<group>"; };
		6D2EF9F522D60459005F01A4 /* CategoryCollectionViewCell.swift */ = {isa = PBXFileReference; lastKnownFileType = sourcecode.swift; path = CategoryCollectionViewCell.swift; sourceTree = "<group>"; };
		6D2EF9F722D6047B005F01A4 /* CategoriesViewController.swift */ = {isa = PBXFileReference; lastKnownFileType = sourcecode.swift; path = CategoriesViewController.swift; sourceTree = "<group>"; };
		6D504AEB22DB22CD006EABE0 /* PopUp.swift */ = {isa = PBXFileReference; lastKnownFileType = sourcecode.swift; path = PopUp.swift; sourceTree = "<group>"; };
		6D504AED22DB278E006EABE0 /* ItemPopUpViewController.swift */ = {isa = PBXFileReference; lastKnownFileType = sourcecode.swift; path = ItemPopUpViewController.swift; sourceTree = "<group>"; };
		6D6DD0A622D5D47600786B88 /* MyPlayground.playground */ = {isa = PBXFileReference; lastKnownFileType = file.playground; path = MyPlayground.playground; sourceTree = "<group>"; xcLanguageSpecificationIdentifier = xcode.lang.swift; };
		6DC7038722D5C0B500F0531B /* BaseViewController.swift */ = {isa = PBXFileReference; lastKnownFileType = sourcecode.swift; path = BaseViewController.swift; sourceTree = "<group>"; };
		7A9EB5466DD768D9EDE46E48 /* Pods-SurpriseMe.debug.xcconfig */ = {isa = PBXFileReference; includeInIndex = 1; lastKnownFileType = text.xcconfig; name = "Pods-SurpriseMe.debug.xcconfig"; path = "Target Support Files/Pods-SurpriseMe/Pods-SurpriseMe.debug.xcconfig"; sourceTree = "<group>"; };
		7B13C5FB22D69DD200522043 /* SAView.swift */ = {isa = PBXFileReference; lastKnownFileType = sourcecode.swift; path = SAView.swift; sourceTree = "<group>"; };
		7B13C5FD22D69E2A00522043 /* RegisterViewController.swift */ = {isa = PBXFileReference; lastKnownFileType = sourcecode.swift; path = RegisterViewController.swift; sourceTree = "<group>"; };
		7B1E1FD722D3728A007922E9 /* Shop.swift */ = {isa = PBXFileReference; lastKnownFileType = sourcecode.swift; path = Shop.swift; sourceTree = "<group>"; };
		7B1E1FD922D372E7007922E9 /* Category.swift */ = {isa = PBXFileReference; lastKnownFileType = sourcecode.swift; path = Category.swift; sourceTree = "<group>"; };
		7B1E1FDB22D374CA007922E9 /* Product.swift */ = {isa = PBXFileReference; lastKnownFileType = sourcecode.swift; path = Product.swift; sourceTree = "<group>"; };
		7B1E1FE122D377AB007922E9 /* Treat.swift */ = {isa = PBXFileReference; lastKnownFileType = sourcecode.swift; path = Treat.swift; sourceTree = "<group>"; };
		7B1E1FE322D37801007922E9 /* User.swift */ = {isa = PBXFileReference; lastKnownFileType = sourcecode.swift; path = User.swift; sourceTree = "<group>"; };
		7B1E1FE522D3788F007922E9 /* TreatStatus.swift */ = {isa = PBXFileReference; lastKnownFileType = sourcecode.swift; path = TreatStatus.swift; sourceTree = "<group>"; };
		7B1E1FE822D38E3C007922E9 /* SAButton.swift */ = {isa = PBXFileReference; lastKnownFileType = sourcecode.swift; path = SAButton.swift; sourceTree = "<group>"; };
		7B1E1FEA22D393EE007922E9 /* SATextField.swift */ = {isa = PBXFileReference; lastKnownFileType = sourcecode.swift; path = SATextField.swift; sourceTree = "<group>"; };
		7BAF23C822D362E200E83A89 /* SurpriseMe.app */ = {isa = PBXFileReference; explicitFileType = wrapper.application; includeInIndex = 0; path = SurpriseMe.app; sourceTree = BUILT_PRODUCTS_DIR; };
		7BAF23CB22D362E200E83A89 /* AppDelegate.swift */ = {isa = PBXFileReference; lastKnownFileType = sourcecode.swift; path = AppDelegate.swift; sourceTree = "<group>"; };
		7BAF23CD22D362E200E83A89 /* ViewController.swift */ = {isa = PBXFileReference; lastKnownFileType = sourcecode.swift; path = ViewController.swift; sourceTree = "<group>"; };
		7BAF23D022D362E200E83A89 /* Base */ = {isa = PBXFileReference; lastKnownFileType = file.storyboard; name = Base; path = Base.lproj/Main.storyboard; sourceTree = "<group>"; };
		7BAF23D322D362E200E83A89 /* SurpriseMe.xcdatamodel */ = {isa = PBXFileReference; lastKnownFileType = wrapper.xcdatamodel; path = SurpriseMe.xcdatamodel; sourceTree = "<group>"; };
		7BAF23D522D362E400E83A89 /* Assets.xcassets */ = {isa = PBXFileReference; lastKnownFileType = folder.assetcatalog; path = Assets.xcassets; sourceTree = "<group>"; };
		7BAF23D822D362E400E83A89 /* Base */ = {isa = PBXFileReference; lastKnownFileType = file.storyboard; name = Base; path = Base.lproj/LaunchScreen.storyboard; sourceTree = "<group>"; };
		7BAF23DA22D362E400E83A89 /* Info.plist */ = {isa = PBXFileReference; lastKnownFileType = text.plist.xml; path = Info.plist; sourceTree = "<group>"; };
		7BEC607922D4D5DB0040D6CF /* Register.storyboard */ = {isa = PBXFileReference; fileEncoding = 4; lastKnownFileType = file.storyboard; path = Register.storyboard; sourceTree = "<group>"; };
		7BF3DA3422E23F8C006D522D /* SSValidationTextField.swift */ = {isa = PBXFileReference; lastKnownFileType = sourcecode.swift; path = SSValidationTextField.swift; sourceTree = "<group>"; };
		AD0DDC2922DC75F4007A4533 /* ShopsCollection.storyboard */ = {isa = PBXFileReference; lastKnownFileType = file.storyboard; path = ShopsCollection.storyboard; sourceTree = "<group>"; };
		AD0DDC2B22DC8326007A4533 /* CartManager.swift */ = {isa = PBXFileReference; lastKnownFileType = sourcecode.swift; path = CartManager.swift; sourceTree = "<group>"; };
		AD3A98DE22DF56B000B6368A /* SATableView.swift */ = {isa = PBXFileReference; lastKnownFileType = sourcecode.swift; path = SATableView.swift; sourceTree = "<group>"; };
		AD3A98E022DF57A700B6368A /* SASearchBar.swift */ = {isa = PBXFileReference; lastKnownFileType = sourcecode.swift; path = SASearchBar.swift; sourceTree = "<group>"; };
		AD3A98EE22DFA42A00B6368A /* Menu.storyboard */ = {isa = PBXFileReference; lastKnownFileType = file.storyboard; path = Menu.storyboard; sourceTree = "<group>"; };
		AD3A98F022DFA4D100B6368A /* MenuTableViewCell.swift */ = {isa = PBXFileReference; lastKnownFileType = sourcecode.swift; path = MenuTableViewCell.swift; sourceTree = "<group>"; };
		AD3A98F222DFA4E400B6368A /* MenuViewController.swift */ = {isa = PBXFileReference; lastKnownFileType = sourcecode.swift; path = MenuViewController.swift; sourceTree = "<group>"; };
		AD3DEF3222DE29CB00A7C703 /* UsersPopUpViewController.swift */ = {isa = PBXFileReference; lastKnownFileType = sourcecode.swift; path = UsersPopUpViewController.swift; sourceTree = "<group>"; };
		AD3DEF3422DE2A0700A7C703 /* UserPopUpCell.swift */ = {isa = PBXFileReference; lastKnownFileType = sourcecode.swift; path = UserPopUpCell.swift; sourceTree = "<group>"; };
		AD68A49022D8E8D900E019BA /* CartViewController.swift */ = {isa = PBXFileReference; lastKnownFileType = sourcecode.swift; path = CartViewController.swift; sourceTree = "<group>"; };
		AD68A49222D8EAD700E019BA /* CartProductTableViewCell.swift */ = {isa = PBXFileReference; lastKnownFileType = sourcecode.swift; path = CartProductTableViewCell.swift; sourceTree = "<group>"; };
		AD68A49622D8F2C900E019BA /* Cart.storyboard */ = {isa = PBXFileReference; fileEncoding = 4; lastKnownFileType = file.storyboard; path = Cart.storyboard; sourceTree = "<group>"; };
		AD68A49822D91C9700E019BA /* Toast.swift */ = {isa = PBXFileReference; lastKnownFileType = sourcecode.swift; path = Toast.swift; sourceTree = "<group>"; };
		AD7B2E6422E97AD300873D9F /* GoogleService-Info.plist */ = {isa = PBXFileReference; fileEncoding = 4; lastKnownFileType = text.plist.xml; path = "GoogleService-Info.plist"; sourceTree = "<group>"; };
		AD91F0E622ECA72400AECAE2 /* CurrentUser.swift */ = {isa = PBXFileReference; lastKnownFileType = sourcecode.swift; path = CurrentUser.swift; sourceTree = "<group>"; };
		AD91F0E822EDA09E00AECAE2 /* SplashScreen.swift */ = {isa = PBXFileReference; lastKnownFileType = sourcecode.swift; path = SplashScreen.swift; sourceTree = "<group>"; };
		ADA1BA0A22E1D5C3004EF8F0 /* UsersManager.swift */ = {isa = PBXFileReference; lastKnownFileType = sourcecode.swift; path = UsersManager.swift; sourceTree = "<group>"; };
		ADDB515E22E4B12D00F262B6 /* ShopsManager.swift */ = {isa = PBXFileReference; lastKnownFileType = sourcecode.swift; path = ShopsManager.swift; sourceTree = "<group>"; };
		ADDB641122E0733A003A2916 /* Screens.swift */ = {isa = PBXFileReference; lastKnownFileType = sourcecode.swift; path = Screens.swift; sourceTree = "<group>"; };
		ADDB641322E07EC7003A2916 /* AppMenu.swift */ = {isa = PBXFileReference; lastKnownFileType = sourcecode.swift; path = AppMenu.swift; sourceTree = "<group>"; };
/* End PBXFileReference section */

/* Begin PBXFrameworksBuildPhase section */
		7BAF23C522D362E200E83A89 /* Frameworks */ = {
			isa = PBXFrameworksBuildPhase;
			buildActionMask = 2147483647;
			files = (
				4B53B40C534C4B2D361FCA1F /* Pods_SurpriseMe.framework in Frameworks */,
			);
			runOnlyForDeploymentPostprocessing = 0;
		};
/* End PBXFrameworksBuildPhase section */

/* Begin PBXGroup section */
		3CF8B2170DA0141D1238F096 /* Frameworks */ = {
			isa = PBXGroup;
			children = (
				4BB9E58547D5E0BD0261BFAA /* Pods_SurpriseMe.framework */,
			);
			name = Frameworks;
			sourceTree = "<group>";
		};
		47062A7A22F1F1EF00610198 /* Notifications */ = {
			isa = PBXGroup;
			children = (
				47062A7B22F1F20C00610198 /* NotificationsViewController.swift */,
				47062A7D22F1F2D000610198 /* NotificationsTableCell.swift */,
				47A1734C22F5DBF80080F08D /* NotificationManager.swift */,
				4716F1DA22F97CCA00F083A0 /* UserNotificationsManager.swift */,
			);
			path = Notifications;
			sourceTree = "<group>";
		};
		47084D7F22F3291200CF6698 /* Profile */ = {
			isa = PBXGroup;
			children = (
				47084D8022F3293A00CF6698 /* ProfileViewController.swift */,
				47084D8222F32E0B00CF6698 /* FriendRequestTableViewCell.swift */,
				47084D8422F3332B00CF6698 /* NewFriendTableCell.swift */,
			);
			path = Profile;
			sourceTree = "<group>";
		};
		47AD99F822E0A25900B8021C /* StoryBoards */ = {
			isa = PBXGroup;
			children = (
				7BAF23CF22D362E200E83A89 /* Main.storyboard */,
				AD68A49622D8F2C900E019BA /* Cart.storyboard */,
				47CC647622DCF00300463BF9 /* OrdersManagement.storyboard */,
				AD0DDC2922DC75F4007A4533 /* ShopsCollection.storyboard */,
				47062A7822F1EC6700610198 /* Notifications.storyboard */,
				7BEC607922D4D5DB0040D6CF /* Register.storyboard */,
				47AD99F022E06BEC00B8021C /* Friends.storyboard */,
				AD3A98EE22DFA42A00B6368A /* Menu.storyboard */,
				47084D7D22F3141900CF6698 /* Profile.storyboard */,
			);
			path = StoryBoards;
			sourceTree = "<group>";
		};
		47AD99F922E0A2F400B8021C /* ShopsCategories */ = {
			isa = PBXGroup;
			children = (
				6D2EF9F322D60325005F01A4 /* ShopCollectionViewCell.swift */,
				6D2EF9F522D60459005F01A4 /* CategoryCollectionViewCell.swift */,
				6D2EF9F722D6047B005F01A4 /* CategoriesViewController.swift */,
				47C93CBB22D7868C00A1D2DD /* SectionHeader.swift */,
			);
			path = ShopsCategories;
			sourceTree = "<group>";
		};
		47AD99FA22E0A34100B8021C /* OrdersAndTreats */ = {
			isa = PBXGroup;
			children = (
				47CC647A22DCF83E00463BF9 /* TreatCell.swift */,
				47575F7F22DF28F200A61176 /* OrderCell.swift */,
				47575F8322DF3ADC00A61176 /* OrdersAndTreatsViewController.swift */,
				47575F8522DF5FB200A61176 /* OrderedTreatsViewController.swift */,
				47575F8722DF5FCD00A61176 /* OrderedTreatsTableCell.swift */,
			);
			path = OrdersAndTreats;
			sourceTree = "<group>";
		};
		47AD99FB22E0A37100B8021C /* Cart */ = {
			isa = PBXGroup;
			children = (
				AD0DDC2B22DC8326007A4533 /* CartManager.swift */,
				AD68A49022D8E8D900E019BA /* CartViewController.swift */,
				AD68A49222D8EAD700E019BA /* CartProductTableViewCell.swift */,
			);
			path = Cart;
			sourceTree = "<group>";
		};
		47AD99FC22E0A5E200B8021C /* Friends */ = {
			isa = PBXGroup;
			children = (
				47AD99F422E07A0900B8021C /* FriendsViewController.swift */,
				47AD99F622E07A6E00B8021C /* FriendTableCell.swift */,
			);
			path = Friends;
			sourceTree = "<group>";
		};
		47AD99FD22E0A6AD00B8021C /* Shop */ = {
			isa = PBXGroup;
			children = (
				474B257822D8959E00D0A332 /* ShopViewController.swift */,
				474B257A22D895BF00D0A332 /* ProductCollectionViewCell.swift */,
			);
			path = Shop;
			sourceTree = "<group>";
		};
		47AD99FE22E0A6E400B8021C /* Menu */ = {
			isa = PBXGroup;
			children = (
				AD3A98F022DFA4D100B6368A /* MenuTableViewCell.swift */,
				AD3A98F222DFA4E400B6368A /* MenuViewController.swift */,
			);
			path = Menu;
			sourceTree = "<group>";
		};
		47AD99FF22E0A73900B8021C /* Popups */ = {
			isa = PBXGroup;
			children = (
				47CC647C22DD140100463BF9 /* UseTreatViewController.swift */,
				6D504AEB22DB22CD006EABE0 /* PopUp.swift */,
				6D504AED22DB278E006EABE0 /* ItemPopUpViewController.swift */,
				AD3DEF3222DE29CB00A7C703 /* UsersPopUpViewController.swift */,
				AD3DEF3422DE2A0700A7C703 /* UserPopUpCell.swift */,
			);
			path = Popups;
			sourceTree = "<group>";
		};
		6D6DD0A322D5D24700786B88 /* Models */ = {
			isa = PBXGroup;
			children = (
				AD68A49822D91C9700E019BA /* Toast.swift */,
				7B1E1FD722D3728A007922E9 /* Shop.swift */,
				7B1E1FD922D372E7007922E9 /* Category.swift */,
				7B1E1FE522D3788F007922E9 /* TreatStatus.swift */,
				7B1E1FDB22D374CA007922E9 /* Product.swift */,
				7B1E1FE122D377AB007922E9 /* Treat.swift */,
				7B1E1FE322D37801007922E9 /* User.swift */,
				47CC647422DCEEDC00463BF9 /* Order.swift */,
				ADDB641122E0733A003A2916 /* Screens.swift */,
				ADDB641322E07EC7003A2916 /* AppMenu.swift */,
				47062A7F22F1F4C500610198 /* Notification.swift */,
			);
			path = Models;
			sourceTree = "<group>";
		};
		7B1E1FE722D38E25007922E9 /* Custom Views */ = {
			isa = PBXGroup;
			children = (
				7B1E1FE822D38E3C007922E9 /* SAButton.swift */,
				7B1E1FEA22D393EE007922E9 /* SATextField.swift */,
				7B13C5FB22D69DD200522043 /* SAView.swift */,
				AD3A98DE22DF56B000B6368A /* SATableView.swift */,
				AD3A98E022DF57A700B6368A /* SASearchBar.swift */,
				47AD99F222E075D100B8021C /* ExtensionUIImage.swift */,
				7BF3DA3422E23F8C006D522D /* SSValidationTextField.swift */,
			);
			path = "Custom Views";
			sourceTree = "<group>";
		};
		7BAF23BF22D362E200E83A89 = {
			isa = PBXGroup;
			children = (
				6D6DD0A622D5D47600786B88 /* MyPlayground.playground */,
				7BAF23CA22D362E200E83A89 /* SurpriseMe */,
				7BAF23C922D362E200E83A89 /* Products */,
				EEC3EF1FABC2623C85CF60DB /* Pods */,
				3CF8B2170DA0141D1238F096 /* Frameworks */,
			);
			sourceTree = "<group>";
		};
		7BAF23C922D362E200E83A89 /* Products */ = {
			isa = PBXGroup;
			children = (
				7BAF23C822D362E200E83A89 /* SurpriseMe.app */,
			);
			name = Products;
			sourceTree = "<group>";
		};
		7BAF23CA22D362E200E83A89 /* SurpriseMe */ = {
			isa = PBXGroup;
			children = (
				47084D7F22F3291200CF6698 /* Profile */,
				47AD99FF22E0A73900B8021C /* Popups */,
				47062A7A22F1F1EF00610198 /* Notifications */,
				AD7B2E6422E97AD300873D9F /* GoogleService-Info.plist */,
				ADA1BA0922E1D574004EF8F0 /* FakeData */,
				47AD99FE22E0A6E400B8021C /* Menu */,
				47AD99FD22E0A6AD00B8021C /* Shop */,
				47AD99FC22E0A5E200B8021C /* Friends */,
				47AD99FB22E0A37100B8021C /* Cart */,
				47AD99FA22E0A34100B8021C /* OrdersAndTreats */,
				47AD99F922E0A2F400B8021C /* ShopsCategories */,
				47AD99F822E0A25900B8021C /* StoryBoards */,
				7B1E1FE722D38E25007922E9 /* Custom Views */,
				6D6DD0A322D5D24700786B88 /* Models */,
				7BAF23CB22D362E200E83A89 /* AppDelegate.swift */,
				7BAF23CD22D362E200E83A89 /* ViewController.swift */,
				7BAF23D522D362E400E83A89 /* Assets.xcassets */,
				7BAF23D722D362E400E83A89 /* LaunchScreen.storyboard */,
				7BAF23DA22D362E400E83A89 /* Info.plist */,
				7BAF23D222D362E200E83A89 /* SurpriseMe.xcdatamodeld */,
				6DC7038722D5C0B500F0531B /* BaseViewController.swift */,
				7B13C5FD22D69E2A00522043 /* RegisterViewController.swift */,
				AD91F0E822EDA09E00AECAE2 /* SplashScreen.swift */,
			);
			path = SurpriseMe;
			sourceTree = "<group>";
		};
		ADA1BA0922E1D574004EF8F0 /* FakeData */ = {
			isa = PBXGroup;
			children = (
				AD91F0E622ECA72400AECAE2 /* CurrentUser.swift */,
				ADA1BA0A22E1D5C3004EF8F0 /* UsersManager.swift */,
				ADDB515E22E4B12D00F262B6 /* ShopsManager.swift */,
			);
			path = FakeData;
			sourceTree = "<group>";
		};
		EEC3EF1FABC2623C85CF60DB /* Pods */ = {
			isa = PBXGroup;
			children = (
				7A9EB5466DD768D9EDE46E48 /* Pods-SurpriseMe.debug.xcconfig */,
				121230BE56FA17F9C9242E3B /* Pods-SurpriseMe.release.xcconfig */,
			);
			path = Pods;
			sourceTree = "<group>";
		};
/* End PBXGroup section */

/* Begin PBXNativeTarget section */
		7BAF23C722D362E200E83A89 /* SurpriseMe */ = {
			isa = PBXNativeTarget;
			buildConfigurationList = 7BAF23DD22D362E400E83A89 /* Build configuration list for PBXNativeTarget "SurpriseMe" */;
			buildPhases = (
				9258DC98136417542718B23B /* [CP] Check Pods Manifest.lock */,
				7BAF23C422D362E200E83A89 /* Sources */,
				7BAF23C522D362E200E83A89 /* Frameworks */,
				7BAF23C622D362E200E83A89 /* Resources */,
				1B5D21CC968567FAFAB6769B /* [CP] Embed Pods Frameworks */,
			);
			buildRules = (
			);
			dependencies = (
			);
			name = SurpriseMe;
			productName = SurpriseMe;
			productReference = 7BAF23C822D362E200E83A89 /* SurpriseMe.app */;
			productType = "com.apple.product-type.application";
		};
/* End PBXNativeTarget section */

/* Begin PBXProject section */
		7BAF23C022D362E200E83A89 /* Project object */ = {
			isa = PBXProject;
			attributes = {
				LastSwiftUpdateCheck = 1020;
				LastUpgradeCheck = 1020;
				ORGANIZATIONNAME = Surprise;
				TargetAttributes = {
					7BAF23C722D362E200E83A89 = {
						CreatedOnToolsVersion = 10.2.1;
						SystemCapabilities = {
							com.apple.Keychain = {
								enabled = 0;
							};
						};
					};
				};
			};
			buildConfigurationList = 7BAF23C322D362E200E83A89 /* Build configuration list for PBXProject "SurpriseMe" */;
			compatibilityVersion = "Xcode 9.3";
			developmentRegion = en;
			hasScannedForEncodings = 0;
			knownRegions = (
				en,
				Base,
			);
			mainGroup = 7BAF23BF22D362E200E83A89;
			productRefGroup = 7BAF23C922D362E200E83A89 /* Products */;
			projectDirPath = "";
			projectRoot = "";
			targets = (
				7BAF23C722D362E200E83A89 /* SurpriseMe */,
			);
		};
/* End PBXProject section */

/* Begin PBXResourcesBuildPhase section */
		7BAF23C622D362E200E83A89 /* Resources */ = {
			isa = PBXResourcesBuildPhase;
			buildActionMask = 2147483647;
			files = (
				7BAF23D922D362E400E83A89 /* LaunchScreen.storyboard in Resources */,
				47CC647722DCF00300463BF9 /* OrdersManagement.storyboard in Resources */,
				7BAF23D622D362E400E83A89 /* Assets.xcassets in Resources */,
				AD3A98EF22DFA42A00B6368A /* Menu.storyboard in Resources */,
				AD0DDC2A22DC75F4007A4533 /* ShopsCollection.storyboard in Resources */,
				7BAF23D122D362E200E83A89 /* Main.storyboard in Resources */,
				47084D7E22F3141900CF6698 /* Profile.storyboard in Resources */,
				47062A7922F1EC6800610198 /* Notifications.storyboard in Resources */,
				47AD99F122E06BEC00B8021C /* Friends.storyboard in Resources */,
				AD7B2E6522E97AD300873D9F /* GoogleService-Info.plist in Resources */,
				AD68A49722D8F2C900E019BA /* Cart.storyboard in Resources */,
				7BEC607A22D4D5DB0040D6CF /* Register.storyboard in Resources */,
			);
			runOnlyForDeploymentPostprocessing = 0;
		};
/* End PBXResourcesBuildPhase section */

/* Begin PBXShellScriptBuildPhase section */
		1B5D21CC968567FAFAB6769B /* [CP] Embed Pods Frameworks */ = {
			isa = PBXShellScriptBuildPhase;
			buildActionMask = 2147483647;
			files = (
			);
			inputFileListPaths = (
				"${PODS_ROOT}/Target Support Files/Pods-SurpriseMe/Pods-SurpriseMe-frameworks-${CONFIGURATION}-input-files.xcfilelist",
			);
			name = "[CP] Embed Pods Frameworks";
			outputFileListPaths = (
				"${PODS_ROOT}/Target Support Files/Pods-SurpriseMe/Pods-SurpriseMe-frameworks-${CONFIGURATION}-output-files.xcfilelist",
			);
			runOnlyForDeploymentPostprocessing = 0;
			shellPath = /bin/sh;
			shellScript = "\"${PODS_ROOT}/Target Support Files/Pods-SurpriseMe/Pods-SurpriseMe-frameworks.sh\"\n";
			showEnvVarsInLog = 0;
		};
		9258DC98136417542718B23B /* [CP] Check Pods Manifest.lock */ = {
			isa = PBXShellScriptBuildPhase;
			buildActionMask = 2147483647;
			files = (
			);
			inputFileListPaths = (
			);
			inputPaths = (
				"${PODS_PODFILE_DIR_PATH}/Podfile.lock",
				"${PODS_ROOT}/Manifest.lock",
			);
			name = "[CP] Check Pods Manifest.lock";
			outputFileListPaths = (
			);
			outputPaths = (
				"$(DERIVED_FILE_DIR)/Pods-SurpriseMe-checkManifestLockResult.txt",
			);
			runOnlyForDeploymentPostprocessing = 0;
			shellPath = /bin/sh;
			shellScript = "diff \"${PODS_PODFILE_DIR_PATH}/Podfile.lock\" \"${PODS_ROOT}/Manifest.lock\" > /dev/null\nif [ $? != 0 ] ; then\n    # print error to STDERR\n    echo \"error: The sandbox is not in sync with the Podfile.lock. Run 'pod install' or update your CocoaPods installation.\" >&2\n    exit 1\nfi\n# This output is used by Xcode 'outputs' to avoid re-running this script phase.\necho \"SUCCESS\" > \"${SCRIPT_OUTPUT_FILE_0}\"\n";
			showEnvVarsInLog = 0;
		};
/* End PBXShellScriptBuildPhase section */

/* Begin PBXSourcesBuildPhase section */
		7BAF23C422D362E200E83A89 /* Sources */ = {
			isa = PBXSourcesBuildPhase;
			buildActionMask = 2147483647;
			files = (
				7BF3DA3522E23F8C006D522D /* SSValidationTextField.swift in Sources */,
				47AD99F322E075D100B8021C /* ExtensionUIImage.swift in Sources */,
				7BAF23CE22D362E200E83A89 /* ViewController.swift in Sources */,
				47575F8022DF28F200A61176 /* OrderCell.swift in Sources */,
				AD3DEF3522DE2A0700A7C703 /* UserPopUpCell.swift in Sources */,
				47062A7C22F1F20C00610198 /* NotificationsViewController.swift in Sources */,
				47AD99F522E07A0900B8021C /* FriendsViewController.swift in Sources */,
				47CC647D22DD140100463BF9 /* UseTreatViewController.swift in Sources */,
				AD0DDC2C22DC8326007A4533 /* CartManager.swift in Sources */,
				7B1E1FDA22D372E7007922E9 /* Category.swift in Sources */,
				AD91F0E922EDA09E00AECAE2 /* SplashScreen.swift in Sources */,
				47062A7E22F1F2D000610198 /* NotificationsTableCell.swift in Sources */,
				474B257B22D895BF00D0A332 /* ProductCollectionViewCell.swift in Sources */,
				47AD99F722E07A6E00B8021C /* FriendTableCell.swift in Sources */,
				47575F8822DF5FCD00A61176 /* OrderedTreatsTableCell.swift in Sources */,
				47575F8622DF5FB200A61176 /* OrderedTreatsViewController.swift in Sources */,
				AD3DEF3322DE29CB00A7C703 /* UsersPopUpViewController.swift in Sources */,
				6DC7038822D5C0B500F0531B /* BaseViewController.swift in Sources */,
				7BAF23D422D362E200E83A89 /* SurpriseMe.xcdatamodeld in Sources */,
				ADDB641222E0733A003A2916 /* Screens.swift in Sources */,
				4716F1DB22F97CCA00F083A0 /* UserNotificationsManager.swift in Sources */,
				AD68A49322D8EAD700E019BA /* CartProductTableViewCell.swift in Sources */,
				7B1E1FE622D3788F007922E9 /* TreatStatus.swift in Sources */,
				7BAF23CC22D362E200E83A89 /* AppDelegate.swift in Sources */,
				7B13C5FC22D69DD200522043 /* SAView.swift in Sources */,
				7B1E1FE422D37801007922E9 /* User.swift in Sources */,
				6D504AEC22DB22CD006EABE0 /* PopUp.swift in Sources */,
				47CC647522DCEEDC00463BF9 /* Order.swift in Sources */,
				7B1E1FD822D3728A007922E9 /* Shop.swift in Sources */,
				7B1E1FEB22D393EE007922E9 /* SATextField.swift in Sources */,
				ADDB515F22E4B12D00F262B6 /* ShopsManager.swift in Sources */,
				474B257922D8959E00D0A332 /* ShopViewController.swift in Sources */,
				ADDB641422E07EC7003A2916 /* AppMenu.swift in Sources */,
				47084D8122F3293A00CF6698 /* ProfileViewController.swift in Sources */,
				7B1E1FDC22D374CA007922E9 /* Product.swift in Sources */,
				47CC647B22DCF83E00463BF9 /* TreatCell.swift in Sources */,
				6D2EF9F422D60325005F01A4 /* ShopCollectionViewCell.swift in Sources */,
				47084D8322F32E0B00CF6698 /* FriendRequestTableViewCell.swift in Sources */,
				7B1E1FE222D377AC007922E9 /* Treat.swift in Sources */,
				6D504AEE22DB278E006EABE0 /* ItemPopUpViewController.swift in Sources */,
				47575F8422DF3ADC00A61176 /* OrdersAndTreatsViewController.swift in Sources */,
				7B13C5FE22D69E2A00522043 /* RegisterViewController.swift in Sources */,
				AD68A49122D8E8D900E019BA /* CartViewController.swift in Sources */,
				AD3A98F322DFA4E400B6368A /* MenuViewController.swift in Sources */,
				AD3A98DF22DF56B000B6368A /* SATableView.swift in Sources */,
				ADA1BA0B22E1D5C3004EF8F0 /* UsersManager.swift in Sources */,
				47C93CBC22D7868C00A1D2DD /* SectionHeader.swift in Sources */,
				47A1734D22F5DBF80080F08D /* NotificationManager.swift in Sources */,
				6D2EF9F622D60459005F01A4 /* CategoryCollectionViewCell.swift in Sources */,
				7B1E1FE922D38E3C007922E9 /* SAButton.swift in Sources */,
				AD3A98F122DFA4D100B6368A /* MenuTableViewCell.swift in Sources */,
				AD68A49922D91C9700E019BA /* Toast.swift in Sources */,
				47084D8522F3332B00CF6698 /* NewFriendTableCell.swift in Sources */,
				6D2EF9F822D6047B005F01A4 /* CategoriesViewController.swift in Sources */,
				47062A8022F1F4C500610198 /* Notification.swift in Sources */,
				AD91F0E722ECA72400AECAE2 /* CurrentUser.swift in Sources */,
				AD3A98E122DF57A700B6368A /* SASearchBar.swift in Sources */,
			);
			runOnlyForDeploymentPostprocessing = 0;
		};
/* End PBXSourcesBuildPhase section */

/* Begin PBXVariantGroup section */
		7BAF23CF22D362E200E83A89 /* Main.storyboard */ = {
			isa = PBXVariantGroup;
			children = (
				7BAF23D022D362E200E83A89 /* Base */,
			);
			name = Main.storyboard;
			sourceTree = "<group>";
		};
		7BAF23D722D362E400E83A89 /* LaunchScreen.storyboard */ = {
			isa = PBXVariantGroup;
			children = (
				7BAF23D822D362E400E83A89 /* Base */,
			);
			name = LaunchScreen.storyboard;
			sourceTree = "<group>";
		};
/* End PBXVariantGroup section */

/* Begin XCBuildConfiguration section */
		7BAF23DB22D362E400E83A89 /* Debug */ = {
			isa = XCBuildConfiguration;
			buildSettings = {
				ALWAYS_SEARCH_USER_PATHS = NO;
				CLANG_ANALYZER_NONNULL = YES;
				CLANG_ANALYZER_NUMBER_OBJECT_CONVERSION = YES_AGGRESSIVE;
				CLANG_CXX_LANGUAGE_STANDARD = "gnu++14";
				CLANG_CXX_LIBRARY = "libc++";
				CLANG_ENABLE_MODULES = YES;
				CLANG_ENABLE_OBJC_ARC = YES;
				CLANG_ENABLE_OBJC_WEAK = YES;
				CLANG_WARN_BLOCK_CAPTURE_AUTORELEASING = YES;
				CLANG_WARN_BOOL_CONVERSION = YES;
				CLANG_WARN_COMMA = YES;
				CLANG_WARN_CONSTANT_CONVERSION = YES;
				CLANG_WARN_DEPRECATED_OBJC_IMPLEMENTATIONS = YES;
				CLANG_WARN_DIRECT_OBJC_ISA_USAGE = YES_ERROR;
				CLANG_WARN_DOCUMENTATION_COMMENTS = YES;
				CLANG_WARN_EMPTY_BODY = YES;
				CLANG_WARN_ENUM_CONVERSION = YES;
				CLANG_WARN_INFINITE_RECURSION = YES;
				CLANG_WARN_INT_CONVERSION = YES;
				CLANG_WARN_NON_LITERAL_NULL_CONVERSION = YES;
				CLANG_WARN_OBJC_IMPLICIT_RETAIN_SELF = YES;
				CLANG_WARN_OBJC_LITERAL_CONVERSION = YES;
				CLANG_WARN_OBJC_ROOT_CLASS = YES_ERROR;
				CLANG_WARN_RANGE_LOOP_ANALYSIS = YES;
				CLANG_WARN_STRICT_PROTOTYPES = YES;
				CLANG_WARN_SUSPICIOUS_MOVE = YES;
				CLANG_WARN_UNGUARDED_AVAILABILITY = YES_AGGRESSIVE;
				CLANG_WARN_UNREACHABLE_CODE = YES;
				CLANG_WARN__DUPLICATE_METHOD_MATCH = YES;
				CODE_SIGN_IDENTITY = "iPhone Developer";
				COPY_PHASE_STRIP = NO;
				DEBUG_INFORMATION_FORMAT = dwarf;
				ENABLE_STRICT_OBJC_MSGSEND = YES;
				ENABLE_TESTABILITY = YES;
				GCC_C_LANGUAGE_STANDARD = gnu11;
				GCC_DYNAMIC_NO_PIC = NO;
				GCC_NO_COMMON_BLOCKS = YES;
				GCC_OPTIMIZATION_LEVEL = 0;
				GCC_PREPROCESSOR_DEFINITIONS = (
					"DEBUG=1",
					"$(inherited)",
				);
				GCC_WARN_64_TO_32_BIT_CONVERSION = YES;
				GCC_WARN_ABOUT_RETURN_TYPE = YES_ERROR;
				GCC_WARN_UNDECLARED_SELECTOR = YES;
				GCC_WARN_UNINITIALIZED_AUTOS = YES_AGGRESSIVE;
				GCC_WARN_UNUSED_FUNCTION = YES;
				GCC_WARN_UNUSED_VARIABLE = YES;
				IPHONEOS_DEPLOYMENT_TARGET = 12.2;
				MTL_ENABLE_DEBUG_INFO = INCLUDE_SOURCE;
				MTL_FAST_MATH = YES;
				ONLY_ACTIVE_ARCH = YES;
				SDKROOT = iphoneos;
				SWIFT_ACTIVE_COMPILATION_CONDITIONS = DEBUG;
				SWIFT_OPTIMIZATION_LEVEL = "-Onone";
			};
			name = Debug;
		};
		7BAF23DC22D362E400E83A89 /* Release */ = {
			isa = XCBuildConfiguration;
			buildSettings = {
				ALWAYS_SEARCH_USER_PATHS = NO;
				CLANG_ANALYZER_NONNULL = YES;
				CLANG_ANALYZER_NUMBER_OBJECT_CONVERSION = YES_AGGRESSIVE;
				CLANG_CXX_LANGUAGE_STANDARD = "gnu++14";
				CLANG_CXX_LIBRARY = "libc++";
				CLANG_ENABLE_MODULES = YES;
				CLANG_ENABLE_OBJC_ARC = YES;
				CLANG_ENABLE_OBJC_WEAK = YES;
				CLANG_WARN_BLOCK_CAPTURE_AUTORELEASING = YES;
				CLANG_WARN_BOOL_CONVERSION = YES;
				CLANG_WARN_COMMA = YES;
				CLANG_WARN_CONSTANT_CONVERSION = YES;
				CLANG_WARN_DEPRECATED_OBJC_IMPLEMENTATIONS = YES;
				CLANG_WARN_DIRECT_OBJC_ISA_USAGE = YES_ERROR;
				CLANG_WARN_DOCUMENTATION_COMMENTS = YES;
				CLANG_WARN_EMPTY_BODY = YES;
				CLANG_WARN_ENUM_CONVERSION = YES;
				CLANG_WARN_INFINITE_RECURSION = YES;
				CLANG_WARN_INT_CONVERSION = YES;
				CLANG_WARN_NON_LITERAL_NULL_CONVERSION = YES;
				CLANG_WARN_OBJC_IMPLICIT_RETAIN_SELF = YES;
				CLANG_WARN_OBJC_LITERAL_CONVERSION = YES;
				CLANG_WARN_OBJC_ROOT_CLASS = YES_ERROR;
				CLANG_WARN_RANGE_LOOP_ANALYSIS = YES;
				CLANG_WARN_STRICT_PROTOTYPES = YES;
				CLANG_WARN_SUSPICIOUS_MOVE = YES;
				CLANG_WARN_UNGUARDED_AVAILABILITY = YES_AGGRESSIVE;
				CLANG_WARN_UNREACHABLE_CODE = YES;
				CLANG_WARN__DUPLICATE_METHOD_MATCH = YES;
				CODE_SIGN_IDENTITY = "iPhone Developer";
				COPY_PHASE_STRIP = NO;
				DEBUG_INFORMATION_FORMAT = "dwarf-with-dsym";
				ENABLE_NS_ASSERTIONS = NO;
				ENABLE_STRICT_OBJC_MSGSEND = YES;
				GCC_C_LANGUAGE_STANDARD = gnu11;
				GCC_NO_COMMON_BLOCKS = YES;
				GCC_WARN_64_TO_32_BIT_CONVERSION = YES;
				GCC_WARN_ABOUT_RETURN_TYPE = YES_ERROR;
				GCC_WARN_UNDECLARED_SELECTOR = YES;
				GCC_WARN_UNINITIALIZED_AUTOS = YES_AGGRESSIVE;
				GCC_WARN_UNUSED_FUNCTION = YES;
				GCC_WARN_UNUSED_VARIABLE = YES;
				IPHONEOS_DEPLOYMENT_TARGET = 12.2;
				MTL_ENABLE_DEBUG_INFO = NO;
				MTL_FAST_MATH = YES;
				SDKROOT = iphoneos;
				SWIFT_COMPILATION_MODE = wholemodule;
				SWIFT_OPTIMIZATION_LEVEL = "-O";
				VALIDATE_PRODUCT = YES;
			};
			name = Release;
		};
		7BAF23DE22D362E400E83A89 /* Debug */ = {
			isa = XCBuildConfiguration;
			baseConfigurationReference = 7A9EB5466DD768D9EDE46E48 /* Pods-SurpriseMe.debug.xcconfig */;
			buildSettings = {
				ASSETCATALOG_COMPILER_APPICON_NAME = AppIcon;
				CODE_SIGN_STYLE = Automatic;
				DEVELOPMENT_TEAM = A8V793X5DS;
				INFOPLIST_FILE = SurpriseMe/Info.plist;
				IPHONEOS_DEPLOYMENT_TARGET = 12.0;
				LD_RUNPATH_SEARCH_PATHS = (
					"$(inherited)",
					"@executable_path/Frameworks",
				);
				PRODUCT_BUNDLE_IDENTIFIER = threats.SurpriseMe;
				PRODUCT_NAME = "$(TARGET_NAME)";
				SWIFT_VERSION = 4.2;
				TARGETED_DEVICE_FAMILY = "1,2";
			};
			name = Debug;
		};
		7BAF23DF22D362E400E83A89 /* Release */ = {
			isa = XCBuildConfiguration;
			baseConfigurationReference = 121230BE56FA17F9C9242E3B /* Pods-SurpriseMe.release.xcconfig */;
			buildSettings = {
				ASSETCATALOG_COMPILER_APPICON_NAME = AppIcon;
				CODE_SIGN_STYLE = Automatic;
				DEVELOPMENT_TEAM = A8V793X5DS;
				INFOPLIST_FILE = SurpriseMe/Info.plist;
				IPHONEOS_DEPLOYMENT_TARGET = 12.0;
				LD_RUNPATH_SEARCH_PATHS = (
					"$(inherited)",
					"@executable_path/Frameworks",
				);
				PRODUCT_BUNDLE_IDENTIFIER = threats.SurpriseMe;
				PRODUCT_NAME = "$(TARGET_NAME)";
				SWIFT_VERSION = 4.2;
				TARGETED_DEVICE_FAMILY = "1,2";
			};
			name = Release;
		};
/* End XCBuildConfiguration section */

/* Begin XCConfigurationList section */
		7BAF23C322D362E200E83A89 /* Build configuration list for PBXProject "SurpriseMe" */ = {
			isa = XCConfigurationList;
			buildConfigurations = (
				7BAF23DB22D362E400E83A89 /* Debug */,
				7BAF23DC22D362E400E83A89 /* Release */,
			);
			defaultConfigurationIsVisible = 0;
			defaultConfigurationName = Release;
		};
		7BAF23DD22D362E400E83A89 /* Build configuration list for PBXNativeTarget "SurpriseMe" */ = {
			isa = XCConfigurationList;
			buildConfigurations = (
				7BAF23DE22D362E400E83A89 /* Debug */,
				7BAF23DF22D362E400E83A89 /* Release */,
			);
			defaultConfigurationIsVisible = 0;
			defaultConfigurationName = Release;
		};
/* End XCConfigurationList section */

/* Begin XCVersionGroup section */
		7BAF23D222D362E200E83A89 /* SurpriseMe.xcdatamodeld */ = {
			isa = XCVersionGroup;
			children = (
				7BAF23D322D362E200E83A89 /* SurpriseMe.xcdatamodel */,
			);
			currentVersion = 7BAF23D322D362E200E83A89 /* SurpriseMe.xcdatamodel */;
			path = SurpriseMe.xcdatamodeld;
			sourceTree = "<group>";
			versionGroupType = wrapper.xcdatamodel;
		};
/* End XCVersionGroup section */
	};
	rootObject = 7BAF23C022D362E200E83A89 /* Project object */;
}
